// !$*UTF8*$!
{
	archiveVersion = 1;
	classes = {
	};
	objectVersion = 46;
	objects = {

/* Begin PBXBuildFile section */
		82A2EB5928F40A7304AE8024 /* Pods_LetsGetBlownUITests.framework in Frameworks */ = {isa = PBXBuildFile; fileRef = 593CD42236321705CEC4D6FA /* Pods_LetsGetBlownUITests.framework */; };
		B000CA521E8166F600B4A16F /* Podfile in Resources */ = {isa = PBXBuildFile; fileRef = B000CA511E8166F600B4A16F /* Podfile */; };
		B0579F3C1E7AEA0E00DF824A /* LetsGetBlownTests.swift in Sources */ = {isa = PBXBuildFile; fileRef = B0579F3B1E7AEA0E00DF824A /* LetsGetBlownTests.swift */; };
		B0579F471E7AEA0E00DF824A /* LetsGetBlownUITests.swift in Sources */ = {isa = PBXBuildFile; fileRef = B0579F461E7AEA0E00DF824A /* LetsGetBlownUITests.swift */; };
		B081E64A1E81D2DC00FCB331 /* AppDelegate.swift in Sources */ = {isa = PBXBuildFile; fileRef = B081E6421E81D2DC00FCB331 /* AppDelegate.swift */; };
		B081E64B1E81D2DC00FCB331 /* Attractor.swift in Sources */ = {isa = PBXBuildFile; fileRef = B081E6431E81D2DC00FCB331 /* Attractor.swift */; };
		B081E64C1E81D2DC00FCB331 /* AudioDetector.swift in Sources */ = {isa = PBXBuildFile; fileRef = B081E6441E81D2DC00FCB331 /* AudioDetector.swift */; };
		B081E64D1E81D2DC00FCB331 /* ImageTools.swift in Sources */ = {isa = PBXBuildFile; fileRef = B081E6451E81D2DC00FCB331 /* ImageTools.swift */; };
		B081E64E1E81D2DC00FCB331 /* Pin.swift in Sources */ = {isa = PBXBuildFile; fileRef = B081E6461E81D2DC00FCB331 /* Pin.swift */; };
		B081E64F1E81D2DC00FCB331 /* PinView.swift in Sources */ = {isa = PBXBuildFile; fileRef = B081E6471E81D2DC00FCB331 /* PinView.swift */; };
		B081E6501E81D2DC00FCB331 /* RoundedGreenButton.swift in Sources */ = {isa = PBXBuildFile; fileRef = B081E6481E81D2DC00FCB331 /* RoundedGreenButton.swift */; };
		B081E6511E81D2DC00FCB331 /* ViewController.swift in Sources */ = {isa = PBXBuildFile; fileRef = B081E6491E81D2DC00FCB331 /* ViewController.swift */; };
		B081E6561E81D2EF00FCB331 /* Main.storyboard in Resources */ = {isa = PBXBuildFile; fileRef = B081E6521E81D2EF00FCB331 /* Main.storyboard */; };
		B081E6571E81D2EF00FCB331 /* LaunchScreen.storyboard in Resources */ = {isa = PBXBuildFile; fileRef = B081E6541E81D2EF00FCB331 /* LaunchScreen.storyboard */; };
		B081E65B1E81D30400FCB331 /* blownicon.png in Resources */ = {isa = PBXBuildFile; fileRef = B081E6581E81D30400FCB331 /* blownicon.png */; };
		B081E65C1E81D30400FCB331 /* blowninstructions.png in Resources */ = {isa = PBXBuildFile; fileRef = B081E6591E81D30400FCB331 /* blowninstructions.png */; };
		B081E65D1E81D30400FCB331 /* Splash.png in Resources */ = {isa = PBXBuildFile; fileRef = B081E65A1E81D30400FCB331 /* Splash.png */; };
		B081E6611E81D37700FCB331 /* Assets.xcassets in Resources */ = {isa = PBXBuildFile; fileRef = B081E6601E81D37700FCB331 /* Assets.xcassets */; };
		B8BB7E57FF883FA5459A813E /* Pods_LetsGetBlownTests.framework in Frameworks */ = {isa = PBXBuildFile; fileRef = 7893FAC30EE6FA431FD75F8C /* Pods_LetsGetBlownTests.framework */; };
		DBB51C7856A60D11CD1BFC56 /* Pods_LetsGetBlown.framework in Frameworks */ = {isa = PBXBuildFile; fileRef = 8034D79E8AA362FE2AC56704 /* Pods_LetsGetBlown.framework */; };
/* End PBXBuildFile section */

/* Begin PBXContainerItemProxy section */
		B0579F381E7AEA0E00DF824A /* PBXContainerItemProxy */ = {
			isa = PBXContainerItemProxy;
			containerPortal = B0579F1B1E7AEA0E00DF824A /* Project object */;
			proxyType = 1;
			remoteGlobalIDString = B0579F221E7AEA0E00DF824A;
			remoteInfo = LetsGetBlown;
		};
		B0579F431E7AEA0E00DF824A /* PBXContainerItemProxy */ = {
			isa = PBXContainerItemProxy;
			containerPortal = B0579F1B1E7AEA0E00DF824A /* Project object */;
			proxyType = 1;
			remoteGlobalIDString = B0579F221E7AEA0E00DF824A;
			remoteInfo = LetsGetBlown;
		};
/* End PBXContainerItemProxy section */

/* Begin PBXFileReference section */
		13DC0CA6A9D9857C6D251A35 /* Pods-LetsGetBlown.debug.xcconfig */ = {isa = PBXFileReference; includeInIndex = 1; lastKnownFileType = text.xcconfig; name = "Pods-LetsGetBlown.debug.xcconfig"; path = "Pods/Target Support Files/Pods-LetsGetBlown/Pods-LetsGetBlown.debug.xcconfig"; sourceTree = "<group>"; };
		31AD8430ACA5DF0E70D671E8 /* Pods-LetsGetBlownTests.release.xcconfig */ = {isa = PBXFileReference; includeInIndex = 1; lastKnownFileType = text.xcconfig; name = "Pods-LetsGetBlownTests.release.xcconfig"; path = "Pods/Target Support Files/Pods-LetsGetBlownTests/Pods-LetsGetBlownTests.release.xcconfig"; sourceTree = "<group>"; };
		593CD42236321705CEC4D6FA /* Pods_LetsGetBlownUITests.framework */ = {isa = PBXFileReference; explicitFileType = wrapper.framework; includeInIndex = 0; path = Pods_LetsGetBlownUITests.framework; sourceTree = BUILT_PRODUCTS_DIR; };
		6D3F2FF8B9DB2A4C9B81AAD0 /* Pods-LetsGetBlownUITests.debug.xcconfig */ = {isa = PBXFileReference; includeInIndex = 1; lastKnownFileType = text.xcconfig; name = "Pods-LetsGetBlownUITests.debug.xcconfig"; path = "Pods/Target Support Files/Pods-LetsGetBlownUITests/Pods-LetsGetBlownUITests.debug.xcconfig"; sourceTree = "<group>"; };
		7893FAC30EE6FA431FD75F8C /* Pods_LetsGetBlownTests.framework */ = {isa = PBXFileReference; explicitFileType = wrapper.framework; includeInIndex = 0; path = Pods_LetsGetBlownTests.framework; sourceTree = BUILT_PRODUCTS_DIR; };
		7E710F77704378624BADC920 /* Pods-LetsGetBlownTests.debug.xcconfig */ = {isa = PBXFileReference; includeInIndex = 1; lastKnownFileType = text.xcconfig; name = "Pods-LetsGetBlownTests.debug.xcconfig"; path = "Pods/Target Support Files/Pods-LetsGetBlownTests/Pods-LetsGetBlownTests.debug.xcconfig"; sourceTree = "<group>"; };
		8034D79E8AA362FE2AC56704 /* Pods_LetsGetBlown.framework */ = {isa = PBXFileReference; explicitFileType = wrapper.framework; includeInIndex = 0; path = Pods_LetsGetBlown.framework; sourceTree = BUILT_PRODUCTS_DIR; };
		A09ECACA68AB5B39BA2E66B7 /* Pods-LetsGetBlownUITests.release.xcconfig */ = {isa = PBXFileReference; includeInIndex = 1; lastKnownFileType = text.xcconfig; name = "Pods-LetsGetBlownUITests.release.xcconfig"; path = "Pods/Target Support Files/Pods-LetsGetBlownUITests/Pods-LetsGetBlownUITests.release.xcconfig"; sourceTree = "<group>"; };
		B000CA511E8166F600B4A16F /* Podfile */ = {isa = PBXFileReference; fileEncoding = 4; lastKnownFileType = text; path = Podfile; sourceTree = SOURCE_ROOT; xcLanguageSpecificationIdentifier = xcode.lang.ruby; };
		B0579F231E7AEA0E00DF824A /* Blown.app */ = {isa = PBXFileReference; explicitFileType = wrapper.application; includeInIndex = 0; path = Blown.app; sourceTree = BUILT_PRODUCTS_DIR; };
		B0579F371E7AEA0E00DF824A /* BlownTests.xctest */ = {isa = PBXFileReference; explicitFileType = wrapper.cfbundle; includeInIndex = 0; path = BlownTests.xctest; sourceTree = BUILT_PRODUCTS_DIR; };
		B0579F3B1E7AEA0E00DF824A /* LetsGetBlownTests.swift */ = {isa = PBXFileReference; lastKnownFileType = sourcecode.swift; path = LetsGetBlownTests.swift; sourceTree = "<group>"; };
		B0579F3D1E7AEA0E00DF824A /* Info.plist */ = {isa = PBXFileReference; lastKnownFileType = text.plist.xml; path = Info.plist; sourceTree = "<group>"; };
		B0579F421E7AEA0E00DF824A /* BlownUITests.xctest */ = {isa = PBXFileReference; explicitFileType = wrapper.cfbundle; includeInIndex = 0; path = BlownUITests.xctest; sourceTree = BUILT_PRODUCTS_DIR; };
		B0579F461E7AEA0E00DF824A /* LetsGetBlownUITests.swift */ = {isa = PBXFileReference; lastKnownFileType = sourcecode.swift; path = LetsGetBlownUITests.swift; sourceTree = "<group>"; };
		B0579F481E7AEA0E00DF824A /* Info.plist */ = {isa = PBXFileReference; lastKnownFileType = text.plist.xml; path = Info.plist; sourceTree = "<group>"; };
		B081E6421E81D2DC00FCB331 /* AppDelegate.swift */ = {isa = PBXFileReference; fileEncoding = 4; lastKnownFileType = sourcecode.swift; name = AppDelegate.swift; path = Blown/Swift/AppDelegate.swift; sourceTree = SOURCE_ROOT; };
		B081E6431E81D2DC00FCB331 /* Attractor.swift */ = {isa = PBXFileReference; fileEncoding = 4; lastKnownFileType = sourcecode.swift; name = Attractor.swift; path = Blown/Swift/Attractor.swift; sourceTree = SOURCE_ROOT; };
		B081E6441E81D2DC00FCB331 /* AudioDetector.swift */ = {isa = PBXFileReference; fileEncoding = 4; lastKnownFileType = sourcecode.swift; name = AudioDetector.swift; path = Blown/Swift/AudioDetector.swift; sourceTree = SOURCE_ROOT; };
		B081E6451E81D2DC00FCB331 /* ImageTools.swift */ = {isa = PBXFileReference; fileEncoding = 4; lastKnownFileType = sourcecode.swift; name = ImageTools.swift; path = Blown/Swift/ImageTools.swift; sourceTree = SOURCE_ROOT; };
		B081E6461E81D2DC00FCB331 /* Pin.swift */ = {isa = PBXFileReference; fileEncoding = 4; lastKnownFileType = sourcecode.swift; name = Pin.swift; path = Blown/Swift/Pin.swift; sourceTree = SOURCE_ROOT; };
		B081E6471E81D2DC00FCB331 /* PinView.swift */ = {isa = PBXFileReference; fileEncoding = 4; lastKnownFileType = sourcecode.swift; name = PinView.swift; path = Blown/Swift/PinView.swift; sourceTree = SOURCE_ROOT; };
		B081E6481E81D2DC00FCB331 /* RoundedGreenButton.swift */ = {isa = PBXFileReference; fileEncoding = 4; lastKnownFileType = sourcecode.swift; name = RoundedGreenButton.swift; path = Blown/Swift/RoundedGreenButton.swift; sourceTree = SOURCE_ROOT; };
		B081E6491E81D2DC00FCB331 /* ViewController.swift */ = {isa = PBXFileReference; fileEncoding = 4; lastKnownFileType = sourcecode.swift; name = ViewController.swift; path = Blown/Swift/ViewController.swift; sourceTree = SOURCE_ROOT; };
		B081E6531E81D2EF00FCB331 /* Base */ = {isa = PBXFileReference; lastKnownFileType = file.storyboard; name = Base; path = Blown/Base.lproj/Main.storyboard; sourceTree = SOURCE_ROOT; };
		B081E6551E81D2EF00FCB331 /* Base */ = {isa = PBXFileReference; lastKnownFileType = file.storyboard; name = Base; path = Blown/Base.lproj/LaunchScreen.storyboard; sourceTree = SOURCE_ROOT; };
		B081E6581E81D30400FCB331 /* blownicon.png */ = {isa = PBXFileReference; lastKnownFileType = image.png; name = blownicon.png; path = Blown/Images/blownicon.png; sourceTree = SOURCE_ROOT; };
		B081E6591E81D30400FCB331 /* blowninstructions.png */ = {isa = PBXFileReference; lastKnownFileType = image.png; name = blowninstructions.png; path = Blown/Images/blowninstructions.png; sourceTree = SOURCE_ROOT; };
		B081E65A1E81D30400FCB331 /* Splash.png */ = {isa = PBXFileReference; lastKnownFileType = image.png; name = Splash.png; path = Blown/Images/Splash.png; sourceTree = SOURCE_ROOT; };
		B081E65E1E81D31E00FCB331 /* Info.plist */ = {isa = PBXFileReference; fileEncoding = 4; lastKnownFileType = text.plist.xml; name = Info.plist; path = Blown/Info.plist; sourceTree = SOURCE_ROOT; };
		B081E6601E81D37700FCB331 /* Assets.xcassets */ = {isa = PBXFileReference; lastKnownFileType = folder.assetcatalog; name = Assets.xcassets; path = Blown/Assets.xcassets; sourceTree = SOURCE_ROOT; };
		B36470B3EC76D8A4EC8E8FC1 /* Pods-LetsGetBlown.release.xcconfig */ = {isa = PBXFileReference; includeInIndex = 1; lastKnownFileType = text.xcconfig; name = "Pods-LetsGetBlown.release.xcconfig"; path = "Pods/Target Support Files/Pods-LetsGetBlown/Pods-LetsGetBlown.release.xcconfig"; sourceTree = "<group>"; };
/* End PBXFileReference section */

/* Begin PBXFrameworksBuildPhase section */
		B0579F201E7AEA0E00DF824A /* Frameworks */ = {
			isa = PBXFrameworksBuildPhase;
			buildActionMask = 2147483647;
			files = (
				DBB51C7856A60D11CD1BFC56 /* Pods_LetsGetBlown.framework in Frameworks */,
			);
			runOnlyForDeploymentPostprocessing = 0;
		};
		B0579F341E7AEA0E00DF824A /* Frameworks */ = {
			isa = PBXFrameworksBuildPhase;
			buildActionMask = 2147483647;
			files = (
				B8BB7E57FF883FA5459A813E /* Pods_LetsGetBlownTests.framework in Frameworks */,
			);
			runOnlyForDeploymentPostprocessing = 0;
		};
		B0579F3F1E7AEA0E00DF824A /* Frameworks */ = {
			isa = PBXFrameworksBuildPhase;
			buildActionMask = 2147483647;
			files = (
				82A2EB5928F40A7304AE8024 /* Pods_LetsGetBlownUITests.framework in Frameworks */,
			);
			runOnlyForDeploymentPostprocessing = 0;
		};
/* End PBXFrameworksBuildPhase section */

/* Begin PBXGroup section */
		77BBBEE52ECF12174F03DB2B /* Frameworks */ = {
			isa = PBXGroup;
			children = (
				8034D79E8AA362FE2AC56704 /* Pods_LetsGetBlown.framework */,
				7893FAC30EE6FA431FD75F8C /* Pods_LetsGetBlownTests.framework */,
				593CD42236321705CEC4D6FA /* Pods_LetsGetBlownUITests.framework */,
			);
			name = Frameworks;
			sourceTree = "<group>";
		};
		7C14BFCA32F5A347CAA3A5AE /* Pods */ = {
			isa = PBXGroup;
			children = (
				13DC0CA6A9D9857C6D251A35 /* Pods-LetsGetBlown.debug.xcconfig */,
				B36470B3EC76D8A4EC8E8FC1 /* Pods-LetsGetBlown.release.xcconfig */,
				7E710F77704378624BADC920 /* Pods-LetsGetBlownTests.debug.xcconfig */,
				31AD8430ACA5DF0E70D671E8 /* Pods-LetsGetBlownTests.release.xcconfig */,
				6D3F2FF8B9DB2A4C9B81AAD0 /* Pods-LetsGetBlownUITests.debug.xcconfig */,
				A09ECACA68AB5B39BA2E66B7 /* Pods-LetsGetBlownUITests.release.xcconfig */,
			);
			name = Pods;
			sourceTree = "<group>";
		};
		B000CA5D1E818F2200B4A16F /* Images */ = {
			isa = PBXGroup;
			children = (
				B081E6581E81D30400FCB331 /* blownicon.png */,
				B081E6591E81D30400FCB331 /* blowninstructions.png */,
				B081E65A1E81D30400FCB331 /* Splash.png */,
			);
			name = Images;
			sourceTree = "<group>";
		};
		B02355011E81CF7100E52C09 /* Swift */ = {
			isa = PBXGroup;
			children = (
				B081E6421E81D2DC00FCB331 /* AppDelegate.swift */,
				B081E6431E81D2DC00FCB331 /* Attractor.swift */,
				B081E6441E81D2DC00FCB331 /* AudioDetector.swift */,
				B081E6451E81D2DC00FCB331 /* ImageTools.swift */,
				B081E6461E81D2DC00FCB331 /* Pin.swift */,
				B081E6471E81D2DC00FCB331 /* PinView.swift */,
				B081E6481E81D2DC00FCB331 /* RoundedGreenButton.swift */,
				B081E6491E81D2DC00FCB331 /* ViewController.swift */,
			);
			name = Swift;
			sourceTree = "<group>";
		};
		B0579F1A1E7AEA0E00DF824A = {
			isa = PBXGroup;
			children = (
				B0579F251E7AEA0E00DF824A /* Blown */,
				B0579F3A1E7AEA0E00DF824A /* BlownTests */,
				B0579F451E7AEA0E00DF824A /* BlownUITests */,
				B0579F241E7AEA0E00DF824A /* Products */,
				7C14BFCA32F5A347CAA3A5AE /* Pods */,
				77BBBEE52ECF12174F03DB2B /* Frameworks */,
			);
			sourceTree = "<group>";
		};
		B0579F241E7AEA0E00DF824A /* Products */ = {
			isa = PBXGroup;
			children = (
				B0579F231E7AEA0E00DF824A /* Blown.app */,
				B0579F371E7AEA0E00DF824A /* BlownTests.xctest */,
				B0579F421E7AEA0E00DF824A /* BlownUITests.xctest */,
			);
			name = Products;
			sourceTree = "<group>";
		};
		B0579F251E7AEA0E00DF824A /* Blown */ = {
			isa = PBXGroup;
			children = (
				B081E65E1E81D31E00FCB331 /* Info.plist */,
				B081E6601E81D37700FCB331 /* Assets.xcassets */,
				B02355011E81CF7100E52C09 /* Swift */,
				B000CA5D1E818F2200B4A16F /* Images */,
				B081E6521E81D2EF00FCB331 /* Main.storyboard */,
				B081E6541E81D2EF00FCB331 /* LaunchScreen.storyboard */,
				B000CA511E8166F600B4A16F /* Podfile */,
			);
			name = Blown;
			path = LetsGetBlown;
			sourceTree = "<group>";
		};
		B0579F3A1E7AEA0E00DF824A /* BlownTests */ = {
			isa = PBXGroup;
			children = (
				B0579F3B1E7AEA0E00DF824A /* LetsGetBlownTests.swift */,
				B0579F3D1E7AEA0E00DF824A /* Info.plist */,
			);
			name = BlownTests;
			path = LetsGetBlownTests;
			sourceTree = "<group>";
		};
		B0579F451E7AEA0E00DF824A /* BlownUITests */ = {
			isa = PBXGroup;
			children = (
				B0579F461E7AEA0E00DF824A /* LetsGetBlownUITests.swift */,
				B0579F481E7AEA0E00DF824A /* Info.plist */,
			);
			name = BlownUITests;
			path = LetsGetBlownUITests;
			sourceTree = "<group>";
		};
/* End PBXGroup section */

/* Begin PBXNativeTarget section */
		B0579F221E7AEA0E00DF824A /* Blown */ = {
			isa = PBXNativeTarget;
			buildConfigurationList = B0579F4B1E7AEA0E00DF824A /* Build configuration list for PBXNativeTarget "Blown" */;
			buildPhases = (
				C0FAB4A59B3133A05AA78876 /* [CP] Check Pods Manifest.lock */,
				B0579F1F1E7AEA0E00DF824A /* Sources */,
				B0579F201E7AEA0E00DF824A /* Frameworks */,
				B0579F211E7AEA0E00DF824A /* Resources */,
				E252B8A72E4B90B00B74765A /* [CP] Embed Pods Frameworks */,
				8A461507DB68A0467062B378 /* [CP] Copy Pods Resources */,
			);
			buildRules = (
			);
			dependencies = (
			);
			name = Blown;
			productName = LetsGetBlown;
			productReference = B0579F231E7AEA0E00DF824A /* Blown.app */;
			productType = "com.apple.product-type.application";
		};
		B0579F361E7AEA0E00DF824A /* BlownTests */ = {
			isa = PBXNativeTarget;
			buildConfigurationList = B0579F4E1E7AEA0E00DF824A /* Build configuration list for PBXNativeTarget "BlownTests" */;
			buildPhases = (
				9FDE252C0275559B6235D875 /* [CP] Check Pods Manifest.lock */,
				B0579F331E7AEA0E00DF824A /* Sources */,
				B0579F341E7AEA0E00DF824A /* Frameworks */,
				B0579F351E7AEA0E00DF824A /* Resources */,
				43113F1E0A283D34C1378DBA /* [CP] Embed Pods Frameworks */,
				2BCC679DEC1409C2F6AAA018 /* [CP] Copy Pods Resources */,
			);
			buildRules = (
			);
			dependencies = (
				B0579F391E7AEA0E00DF824A /* PBXTargetDependency */,
			);
			name = BlownTests;
			productName = LetsGetBlownTests;
			productReference = B0579F371E7AEA0E00DF824A /* BlownTests.xctest */;
			productType = "com.apple.product-type.bundle.unit-test";
		};
		B0579F411E7AEA0E00DF824A /* BlownUITests */ = {
			isa = PBXNativeTarget;
			buildConfigurationList = B0579F511E7AEA0E00DF824A /* Build configuration list for PBXNativeTarget "BlownUITests" */;
			buildPhases = (
				08CF5945AB9A965C33DC1E7B /* [CP] Check Pods Manifest.lock */,
				B0579F3E1E7AEA0E00DF824A /* Sources */,
				B0579F3F1E7AEA0E00DF824A /* Frameworks */,
				B0579F401E7AEA0E00DF824A /* Resources */,
				3D174C77499D4E8C899F2E41 /* [CP] Embed Pods Frameworks */,
				9628ACAEA48B3D976D166F9E /* [CP] Copy Pods Resources */,
			);
			buildRules = (
			);
			dependencies = (
				B0579F441E7AEA0E00DF824A /* PBXTargetDependency */,
			);
			name = BlownUITests;
			productName = LetsGetBlownUITests;
			productReference = B0579F421E7AEA0E00DF824A /* BlownUITests.xctest */;
			productType = "com.apple.product-type.bundle.ui-testing";
		};
/* End PBXNativeTarget section */

/* Begin PBXProject section */
		B0579F1B1E7AEA0E00DF824A /* Project object */ = {
			isa = PBXProject;
			attributes = {
				LastSwiftUpdateCheck = 0820;
				LastUpgradeCheck = 0820;
				ORGANIZATIONNAME = LouisMcCallum;
				TargetAttributes = {
					B0579F221E7AEA0E00DF824A = {
						CreatedOnToolsVersion = 8.2.1;
						DevelopmentTeam = 37VBV43PK2;
						LastSwiftMigration = 0820;
						ProvisioningStyle = Automatic;
					};
					B0579F361E7AEA0E00DF824A = {
						CreatedOnToolsVersion = 8.2.1;
						ProvisioningStyle = Automatic;
						TestTargetID = B0579F221E7AEA0E00DF824A;
					};
					B0579F411E7AEA0E00DF824A = {
						CreatedOnToolsVersion = 8.2.1;
						ProvisioningStyle = Automatic;
						TestTargetID = B0579F221E7AEA0E00DF824A;
					};
				};
			};
			buildConfigurationList = B0579F1E1E7AEA0E00DF824A /* Build configuration list for PBXProject "Blown" */;
			compatibilityVersion = "Xcode 3.2";
			developmentRegion = English;
			hasScannedForEncodings = 0;
			knownRegions = (
				en,
				Base,
			);
			mainGroup = B0579F1A1E7AEA0E00DF824A;
			productRefGroup = B0579F241E7AEA0E00DF824A /* Products */;
			projectDirPath = "";
			projectRoot = "";
			targets = (
				B0579F221E7AEA0E00DF824A /* Blown */,
				B0579F361E7AEA0E00DF824A /* BlownTests */,
				B0579F411E7AEA0E00DF824A /* BlownUITests */,
			);
		};
/* End PBXProject section */

/* Begin PBXResourcesBuildPhase section */
		B0579F211E7AEA0E00DF824A /* Resources */ = {
			isa = PBXResourcesBuildPhase;
			buildActionMask = 2147483647;
			files = (
				B081E6561E81D2EF00FCB331 /* Main.storyboard in Resources */,
				B081E6571E81D2EF00FCB331 /* LaunchScreen.storyboard in Resources */,
				B000CA521E8166F600B4A16F /* Podfile in Resources */,
				B081E65B1E81D30400FCB331 /* blownicon.png in Resources */,
				B081E65D1E81D30400FCB331 /* Splash.png in Resources */,
				B081E65C1E81D30400FCB331 /* blowninstructions.png in Resources */,
				B081E6611E81D37700FCB331 /* Assets.xcassets in Resources */,
			);
			runOnlyForDeploymentPostprocessing = 0;
		};
		B0579F351E7AEA0E00DF824A /* Resources */ = {
			isa = PBXResourcesBuildPhase;
			buildActionMask = 2147483647;
			files = (
			);
			runOnlyForDeploymentPostprocessing = 0;
		};
		B0579F401E7AEA0E00DF824A /* Resources */ = {
			isa = PBXResourcesBuildPhase;
			buildActionMask = 2147483647;
			files = (
			);
			runOnlyForDeploymentPostprocessing = 0;
		};
/* End PBXResourcesBuildPhase section */

/* Begin PBXShellScriptBuildPhase section */
		08CF5945AB9A965C33DC1E7B /* [CP] Check Pods Manifest.lock */ = {
			isa = PBXShellScriptBuildPhase;
			buildActionMask = 2147483647;
			files = (
			);
			inputPaths = (
			);
			name = "[CP] Check Pods Manifest.lock";
			outputPaths = (
			);
			runOnlyForDeploymentPostprocessing = 0;
			shellPath = /bin/sh;
			shellScript = "diff \"${PODS_ROOT}/../Podfile.lock\" \"${PODS_ROOT}/Manifest.lock\" > /dev/null\nif [ $? != 0 ] ; then\n    # print error to STDERR\n    echo \"error: The sandbox is not in sync with the Podfile.lock. Run 'pod install' or update your CocoaPods installation.\" >&2\n    exit 1\nfi\n";
			showEnvVarsInLog = 0;
		};
		2BCC679DEC1409C2F6AAA018 /* [CP] Copy Pods Resources */ = {
			isa = PBXShellScriptBuildPhase;
			buildActionMask = 2147483647;
			files = (
			);
			inputPaths = (
			);
			name = "[CP] Copy Pods Resources";
			outputPaths = (
			);
			runOnlyForDeploymentPostprocessing = 0;
			shellPath = /bin/sh;
			shellScript = "\"${SRCROOT}/Pods/Target Support Files/Pods-LetsGetBlownTests/Pods-LetsGetBlownTests-resources.sh\"\n";
			showEnvVarsInLog = 0;
		};
		3D174C77499D4E8C899F2E41 /* [CP] Embed Pods Frameworks */ = {
			isa = PBXShellScriptBuildPhase;
			buildActionMask = 2147483647;
			files = (
			);
			inputPaths = (
			);
			name = "[CP] Embed Pods Frameworks";
			outputPaths = (
			);
			runOnlyForDeploymentPostprocessing = 0;
			shellPath = /bin/sh;
			shellScript = "\"${SRCROOT}/Pods/Target Support Files/Pods-LetsGetBlownUITests/Pods-LetsGetBlownUITests-frameworks.sh\"\n";
			showEnvVarsInLog = 0;
		};
		43113F1E0A283D34C1378DBA /* [CP] Embed Pods Frameworks */ = {
			isa = PBXShellScriptBuildPhase;
			buildActionMask = 2147483647;
			files = (
			);
			inputPaths = (
			);
			name = "[CP] Embed Pods Frameworks";
			outputPaths = (
			);
			runOnlyForDeploymentPostprocessing = 0;
			shellPath = /bin/sh;
			shellScript = "\"${SRCROOT}/Pods/Target Support Files/Pods-LetsGetBlownTests/Pods-LetsGetBlownTests-frameworks.sh\"\n";
			showEnvVarsInLog = 0;
		};
		8A461507DB68A0467062B378 /* [CP] Copy Pods Resources */ = {
			isa = PBXShellScriptBuildPhase;
			buildActionMask = 2147483647;
			files = (
			);
			inputPaths = (
			);
			name = "[CP] Copy Pods Resources";
			outputPaths = (
			);
			runOnlyForDeploymentPostprocessing = 0;
			shellPath = /bin/sh;
			shellScript = "\"${SRCROOT}/Pods/Target Support Files/Pods-LetsGetBlown/Pods-LetsGetBlown-resources.sh\"\n";
			showEnvVarsInLog = 0;
		};
		9628ACAEA48B3D976D166F9E /* [CP] Copy Pods Resources */ = {
			isa = PBXShellScriptBuildPhase;
			buildActionMask = 2147483647;
			files = (
			);
			inputPaths = (
			);
			name = "[CP] Copy Pods Resources";
			outputPaths = (
			);
			runOnlyForDeploymentPostprocessing = 0;
			shellPath = /bin/sh;
			shellScript = "\"${SRCROOT}/Pods/Target Support Files/Pods-LetsGetBlownUITests/Pods-LetsGetBlownUITests-resources.sh\"\n";
			showEnvVarsInLog = 0;
		};
		9FDE252C0275559B6235D875 /* [CP] Check Pods Manifest.lock */ = {
			isa = PBXShellScriptBuildPhase;
			buildActionMask = 2147483647;
			files = (
			);
			inputPaths = (
			);
			name = "[CP] Check Pods Manifest.lock";
			outputPaths = (
			);
			runOnlyForDeploymentPostprocessing = 0;
			shellPath = /bin/sh;
			shellScript = "diff \"${PODS_ROOT}/../Podfile.lock\" \"${PODS_ROOT}/Manifest.lock\" > /dev/null\nif [ $? != 0 ] ; then\n    # print error to STDERR\n    echo \"error: The sandbox is not in sync with the Podfile.lock. Run 'pod install' or update your CocoaPods installation.\" >&2\n    exit 1\nfi\n";
			showEnvVarsInLog = 0;
		};
		C0FAB4A59B3133A05AA78876 /* [CP] Check Pods Manifest.lock */ = {
			isa = PBXShellScriptBuildPhase;
			buildActionMask = 2147483647;
			files = (
			);
			inputPaths = (
			);
			name = "[CP] Check Pods Manifest.lock";
			outputPaths = (
			);
			runOnlyForDeploymentPostprocessing = 0;
			shellPath = /bin/sh;
			shellScript = "diff \"${PODS_ROOT}/../Podfile.lock\" \"${PODS_ROOT}/Manifest.lock\" > /dev/null\nif [ $? != 0 ] ; then\n    # print error to STDERR\n    echo \"error: The sandbox is not in sync with the Podfile.lock. Run 'pod install' or update your CocoaPods installation.\" >&2\n    exit 1\nfi\n";
			showEnvVarsInLog = 0;
		};
		E252B8A72E4B90B00B74765A /* [CP] Embed Pods Frameworks */ = {
			isa = PBXShellScriptBuildPhase;
			buildActionMask = 2147483647;
			files = (
			);
			inputPaths = (
			);
			name = "[CP] Embed Pods Frameworks";
			outputPaths = (
			);
			runOnlyForDeploymentPostprocessing = 0;
			shellPath = /bin/sh;
			shellScript = "\"${SRCROOT}/Pods/Target Support Files/Pods-LetsGetBlown/Pods-LetsGetBlown-frameworks.sh\"\n";
			showEnvVarsInLog = 0;
		};
/* End PBXShellScriptBuildPhase section */

/* Begin PBXSourcesBuildPhase section */
		B0579F1F1E7AEA0E00DF824A /* Sources */ = {
			isa = PBXSourcesBuildPhase;
			buildActionMask = 2147483647;
			files = (
				B081E64E1E81D2DC00FCB331 /* Pin.swift in Sources */,
				B081E64B1E81D2DC00FCB331 /* Attractor.swift in Sources */,
				B081E64F1E81D2DC00FCB331 /* PinView.swift in Sources */,
				B081E64C1E81D2DC00FCB331 /* AudioDetector.swift in Sources */,
				B081E64A1E81D2DC00FCB331 /* AppDelegate.swift in Sources */,
				B081E64D1E81D2DC00FCB331 /* ImageTools.swift in Sources */,
				B081E6511E81D2DC00FCB331 /* ViewController.swift in Sources */,
				B081E6501E81D2DC00FCB331 /* RoundedGreenButton.swift in Sources */,
			);
			runOnlyForDeploymentPostprocessing = 0;
		};
		B0579F331E7AEA0E00DF824A /* Sources */ = {
			isa = PBXSourcesBuildPhase;
			buildActionMask = 2147483647;
			files = (
				B0579F3C1E7AEA0E00DF824A /* LetsGetBlownTests.swift in Sources */,
			);
			runOnlyForDeploymentPostprocessing = 0;
		};
		B0579F3E1E7AEA0E00DF824A /* Sources */ = {
			isa = PBXSourcesBuildPhase;
			buildActionMask = 2147483647;
			files = (
				B0579F471E7AEA0E00DF824A /* LetsGetBlownUITests.swift in Sources */,
			);
			runOnlyForDeploymentPostprocessing = 0;
		};
/* End PBXSourcesBuildPhase section */

/* Begin PBXTargetDependency section */
		B0579F391E7AEA0E00DF824A /* PBXTargetDependency */ = {
			isa = PBXTargetDependency;
			target = B0579F221E7AEA0E00DF824A /* Blown */;
			targetProxy = B0579F381E7AEA0E00DF824A /* PBXContainerItemProxy */;
		};
		B0579F441E7AEA0E00DF824A /* PBXTargetDependency */ = {
			isa = PBXTargetDependency;
			target = B0579F221E7AEA0E00DF824A /* Blown */;
			targetProxy = B0579F431E7AEA0E00DF824A /* PBXContainerItemProxy */;
		};
/* End PBXTargetDependency section */

/* Begin PBXVariantGroup section */
		B081E6521E81D2EF00FCB331 /* Main.storyboard */ = {
			isa = PBXVariantGroup;
			children = (
				B081E6531E81D2EF00FCB331 /* Base */,
			);
			name = Main.storyboard;
			sourceTree = "<group>";
		};
		B081E6541E81D2EF00FCB331 /* LaunchScreen.storyboard */ = {
			isa = PBXVariantGroup;
			children = (
				B081E6551E81D2EF00FCB331 /* Base */,
			);
			name = LaunchScreen.storyboard;
			sourceTree = "<group>";
		};
/* End PBXVariantGroup section */

/* Begin XCBuildConfiguration section */
		B0579F491E7AEA0E00DF824A /* Debug */ = {
			isa = XCBuildConfiguration;
			buildSettings = {
				ALWAYS_SEARCH_USER_PATHS = NO;
				CLANG_ANALYZER_NONNULL = YES;
				CLANG_CXX_LANGUAGE_STANDARD = "gnu++0x";
				CLANG_CXX_LIBRARY = "libc++";
				CLANG_ENABLE_MODULES = YES;
				CLANG_ENABLE_OBJC_ARC = YES;
				CLANG_WARN_BOOL_CONVERSION = YES;
				CLANG_WARN_CONSTANT_CONVERSION = YES;
				CLANG_WARN_DIRECT_OBJC_ISA_USAGE = YES_ERROR;
				CLANG_WARN_DOCUMENTATION_COMMENTS = YES;
				CLANG_WARN_EMPTY_BODY = YES;
				CLANG_WARN_ENUM_CONVERSION = YES;
				CLANG_WARN_INFINITE_RECURSION = YES;
				CLANG_WARN_INT_CONVERSION = YES;
				CLANG_WARN_OBJC_ROOT_CLASS = YES_ERROR;
				CLANG_WARN_SUSPICIOUS_MOVE = YES;
				CLANG_WARN_UNREACHABLE_CODE = YES;
				CLANG_WARN__DUPLICATE_METHOD_MATCH = YES;
				"CODE_SIGN_IDENTITY[sdk=iphoneos*]" = "iPhone Developer";
				COPY_PHASE_STRIP = NO;
				DEBUG_INFORMATION_FORMAT = dwarf;
				ENABLE_STRICT_OBJC_MSGSEND = YES;
				ENABLE_TESTABILITY = YES;
				GCC_C_LANGUAGE_STANDARD = gnu99;
				GCC_DYNAMIC_NO_PIC = NO;
				GCC_NO_COMMON_BLOCKS = YES;
				GCC_OPTIMIZATION_LEVEL = 0;
				GCC_PREPROCESSOR_DEFINITIONS = (
					"DEBUG=1",
					"$(inherited)",
				);
				GCC_WARN_64_TO_32_BIT_CONVERSION = YES;
				GCC_WARN_ABOUT_RETURN_TYPE = YES_ERROR;
				GCC_WARN_UNDECLARED_SELECTOR = YES;
				GCC_WARN_UNINITIALIZED_AUTOS = YES_AGGRESSIVE;
				GCC_WARN_UNUSED_FUNCTION = YES;
				GCC_WARN_UNUSED_VARIABLE = YES;
				IPHONEOS_DEPLOYMENT_TARGET = 10.2;
				MTL_ENABLE_DEBUG_INFO = YES;
				ONLY_ACTIVE_ARCH = YES;
				SDKROOT = iphoneos;
				SWIFT_ACTIVE_COMPILATION_CONDITIONS = DEBUG;
				SWIFT_OPTIMIZATION_LEVEL = "-Onone";
				TARGETED_DEVICE_FAMILY = "1,2";
			};
			name = Debug;
		};
		B0579F4A1E7AEA0E00DF824A /* Release */ = {
			isa = XCBuildConfiguration;
			buildSettings = {
				ALWAYS_SEARCH_USER_PATHS = NO;
				CLANG_ANALYZER_NONNULL = YES;
				CLANG_CXX_LANGUAGE_STANDARD = "gnu++0x";
				CLANG_CXX_LIBRARY = "libc++";
				CLANG_ENABLE_MODULES = YES;
				CLANG_ENABLE_OBJC_ARC = YES;
				CLANG_WARN_BOOL_CONVERSION = YES;
				CLANG_WARN_CONSTANT_CONVERSION = YES;
				CLANG_WARN_DIRECT_OBJC_ISA_USAGE = YES_ERROR;
				CLANG_WARN_DOCUMENTATION_COMMENTS = YES;
				CLANG_WARN_EMPTY_BODY = YES;
				CLANG_WARN_ENUM_CONVERSION = YES;
				CLANG_WARN_INFINITE_RECURSION = YES;
				CLANG_WARN_INT_CONVERSION = YES;
				CLANG_WARN_OBJC_ROOT_CLASS = YES_ERROR;
				CLANG_WARN_SUSPICIOUS_MOVE = YES;
				CLANG_WARN_UNREACHABLE_CODE = YES;
				CLANG_WARN__DUPLICATE_METHOD_MATCH = YES;
				"CODE_SIGN_IDENTITY[sdk=iphoneos*]" = "iPhone Developer";
				COPY_PHASE_STRIP = NO;
				DEBUG_INFORMATION_FORMAT = "dwarf-with-dsym";
				ENABLE_NS_ASSERTIONS = NO;
				ENABLE_STRICT_OBJC_MSGSEND = YES;
				GCC_C_LANGUAGE_STANDARD = gnu99;
				GCC_NO_COMMON_BLOCKS = YES;
				GCC_WARN_64_TO_32_BIT_CONVERSION = YES;
				GCC_WARN_ABOUT_RETURN_TYPE = YES_ERROR;
				GCC_WARN_UNDECLARED_SELECTOR = YES;
				GCC_WARN_UNINITIALIZED_AUTOS = YES_AGGRESSIVE;
				GCC_WARN_UNUSED_FUNCTION = YES;
				GCC_WARN_UNUSED_VARIABLE = YES;
				IPHONEOS_DEPLOYMENT_TARGET = 10.2;
				MTL_ENABLE_DEBUG_INFO = NO;
				SDKROOT = iphoneos;
				SWIFT_OPTIMIZATION_LEVEL = "-Owholemodule";
				TARGETED_DEVICE_FAMILY = "1,2";
				VALIDATE_PRODUCT = YES;
			};
			name = Release;
		};
		B0579F4C1E7AEA0E00DF824A /* Debug */ = {
			isa = XCBuildConfiguration;
			baseConfigurationReference = 13DC0CA6A9D9857C6D251A35 /* Pods-LetsGetBlown.debug.xcconfig */;
			buildSettings = {
				ASSETCATALOG_COMPILER_APPICON_NAME = AppIcon;
				CLANG_ENABLE_MODULES = YES;
				DEVELOPMENT_TEAM = 37VBV43PK2;
				INFOPLIST_FILE = "$(SRCROOT)/Blown/Info.plist";
				LD_RUNPATH_SEARCH_PATHS = "$(inherited) @executable_path/Frameworks";
				PRODUCT_BUNDLE_IDENTIFIER = com.louismac.blown;
				PRODUCT_NAME = "$(TARGET_NAME)";
				SWIFT_OPTIMIZATION_LEVEL = "-Onone";
				SWIFT_VERSION = 3.0;
				TARGETED_DEVICE_FAMILY = 1;
			};
			name = Debug;
		};
		B0579F4D1E7AEA0E00DF824A /* Release */ = {
			isa = XCBuildConfiguration;
			baseConfigurationReference = B36470B3EC76D8A4EC8E8FC1 /* Pods-LetsGetBlown.release.xcconfig */;
			buildSettings = {
				ASSETCATALOG_COMPILER_APPICON_NAME = AppIcon;
				CLANG_ENABLE_MODULES = YES;
				DEVELOPMENT_TEAM = 37VBV43PK2;
				INFOPLIST_FILE = "$(SRCROOT)/Blown/Info.plist";
				LD_RUNPATH_SEARCH_PATHS = "$(inherited) @executable_path/Frameworks";
				PRODUCT_BUNDLE_IDENTIFIER = com.louismac.blown;
				PRODUCT_NAME = "$(TARGET_NAME)";
				SWIFT_VERSION = 3.0;
				TARGETED_DEVICE_FAMILY = 1;
			};
			name = Release;
		};
		B0579F4F1E7AEA0E00DF824A /* Debug */ = {
			isa = XCBuildConfiguration;
			baseConfigurationReference = 7E710F77704378624BADC920 /* Pods-LetsGetBlownTests.debug.xcconfig */;
			buildSettings = {
				ALWAYS_EMBED_SWIFT_STANDARD_LIBRARIES = YES;
				BUNDLE_LOADER = "$(TEST_HOST)";
				INFOPLIST_FILE = LetsGetBlownTests/Info.plist;
				LD_RUNPATH_SEARCH_PATHS = "$(inherited) @executable_path/Frameworks @loader_path/Frameworks";
				PRODUCT_BUNDLE_IDENTIFIER = com.louismac.LetsGetBlownTests;
				PRODUCT_NAME = "$(TARGET_NAME)";
				SWIFT_VERSION = 3.0;
				TEST_HOST = "$(BUILT_PRODUCTS_DIR)/Blown.app/Blown";
			};
			name = Debug;
		};
		B0579F501E7AEA0E00DF824A /* Release */ = {
			isa = XCBuildConfiguration;
			baseConfigurationReference = 31AD8430ACA5DF0E70D671E8 /* Pods-LetsGetBlownTests.release.xcconfig */;
			buildSettings = {
				ALWAYS_EMBED_SWIFT_STANDARD_LIBRARIES = YES;
				BUNDLE_LOADER = "$(TEST_HOST)";
				INFOPLIST_FILE = LetsGetBlownTests/Info.plist;
				LD_RUNPATH_SEARCH_PATHS = "$(inherited) @executable_path/Frameworks @loader_path/Frameworks";
				PRODUCT_BUNDLE_IDENTIFIER = com.louismac.LetsGetBlownTests;
				PRODUCT_NAME = "$(TARGET_NAME)";
				SWIFT_VERSION = 3.0;
				TEST_HOST = "$(BUILT_PRODUCTS_DIR)/Blown.app/Blown";
			};
			name = Release;
		};
		B0579F521E7AEA0E00DF824A /* Debug */ = {
			isa = XCBuildConfiguration;
			baseConfigurationReference = 6D3F2FF8B9DB2A4C9B81AAD0 /* Pods-LetsGetBlownUITests.debug.xcconfig */;
			buildSettings = {
				ALWAYS_EMBED_SWIFT_STANDARD_LIBRARIES = YES;
				INFOPLIST_FILE = LetsGetBlownUITests/Info.plist;
				LD_RUNPATH_SEARCH_PATHS = "$(inherited) @executable_path/Frameworks @loader_path/Frameworks";
				PRODUCT_BUNDLE_IDENTIFIER = com.louismac.LetsGetBlownUITests;
				PRODUCT_NAME = "$(TARGET_NAME)";
				SWIFT_VERSION = 3.0;
				TEST_TARGET_NAME = LetsGetBlown;
			};
			name = Debug;
		};
		B0579F531E7AEA0E00DF824A /* Release */ = {
			isa = XCBuildConfiguration;
			baseConfigurationReference = A09ECACA68AB5B39BA2E66B7 /* Pods-LetsGetBlownUITests.release.xcconfig */;
			buildSettings = {
				ALWAYS_EMBED_SWIFT_STANDARD_LIBRARIES = YES;
				INFOPLIST_FILE = LetsGetBlownUITests/Info.plist;
				LD_RUNPATH_SEARCH_PATHS = "$(inherited) @executable_path/Frameworks @loader_path/Frameworks";
				PRODUCT_BUNDLE_IDENTIFIER = com.louismac.LetsGetBlownUITests;
				PRODUCT_NAME = "$(TARGET_NAME)";
				SWIFT_VERSION = 3.0;
				TEST_TARGET_NAME = LetsGetBlown;
			};
			name = Release;
		};
/* End XCBuildConfiguration section */

/* Begin XCConfigurationList section */
		B0579F1E1E7AEA0E00DF824A /* Build configuration list for PBXProject "Blown" */ = {
			isa = XCConfigurationList;
			buildConfigurations = (
				B0579F491E7AEA0E00DF824A /* Debug */,
				B0579F4A1E7AEA0E00DF824A /* Release */,
			);
			defaultConfigurationIsVisible = 0;
			defaultConfigurationName = Release;
		};
		B0579F4B1E7AEA0E00DF824A /* Build configuration list for PBXNativeTarget "Blown" */ = {
			isa = XCConfigurationList;
			buildConfigurations = (
				B0579F4C1E7AEA0E00DF824A /* Debug */,
				B0579F4D1E7AEA0E00DF824A /* Release */,
			);
			defaultConfigurationIsVisible = 0;
			defaultConfigurationName = Release;
		};
		B0579F4E1E7AEA0E00DF824A /* Build configuration list for PBXNativeTarget "BlownTests" */ = {
			isa = XCConfigurationList;
			buildConfigurations = (
				B0579F4F1E7AEA0E00DF824A /* Debug */,
				B0579F501E7AEA0E00DF824A /* Release */,
			);
			defaultConfigurationIsVisible = 0;
			defaultConfigurationName = Release;
		};
		B0579F511E7AEA0E00DF824A /* Build configuration list for PBXNativeTarget "BlownUITests" */ = {
			isa = XCConfigurationList;
			buildConfigurations = (
				B0579F521E7AEA0E00DF824A /* Debug */,
				B0579F531E7AEA0E00DF824A /* Release */,
			);
			defaultConfigurationIsVisible = 0;
			defaultConfigurationName = Release;
		};
/* End XCConfigurationList section */
	};
	rootObject = B0579F1B1E7AEA0E00DF824A /* Project object */;
}
